
Microsoft Visual Studio Solution File, Format Version 12.00
# Visual Studio Version 16
VisualStudioVersion = 16.0.30523.141
MinimumVisualStudioVersion = 10.0.40219.1
Project("{FAE04EC0-301F-11D3-BF4B-00C04F79EFBC}") = "P03_FootballBetting", "P03_FootballBetting\P03_FootballBetting.csproj", "{BD0F41EE-3B99-4059-826F-B419034065C2}"
EndProject
Project("{FAE04EC0-301F-11D3-BF4B-00C04F79EFBC}") = "P03_FootballBetting.Data", "P03_FootballBetting.Data\P03_FootballBetting.Data.csproj", "{6248394C-17C6-4C36-9625-5630C2078067}"
EndProject
Project("{FAE04EC0-301F-11D3-BF4B-00C04F79EFBC}") = "P03_FootballBetting.Data.Models", "P03_FootballBetting.Data.Models\P03_FootballBetting.Data.Models.csproj", "{4105ADD9-6F08-4942-9644-DE61A9E75D76}"
EndProject
Global
	GlobalSection(SolutionConfigurationPlatforms) = preSolution
		Debug|Any CPU = Debug|Any CPU
		Release|Any CPU = Release|Any CPU
	EndGlobalSection
	GlobalSection(ProjectConfigurationPlatforms) = postSolution
		{BD0F41EE-3B99-4059-826F-B419034065C2}.Debug|Any CPU.ActiveCfg = Debug|Any CPU
		{BD0F41EE-3B99-4059-826F-B419034065C2}.Debug|Any CPU.Build.0 = Debug|Any CPU
		{BD0F41EE-3B99-4059-826F-B419034065C2}.Release|Any CPU.ActiveCfg = Release|Any CPU
		{BD0F41EE-3B99-4059-826F-B419034065C2}.Release|Any CPU.Build.0 = Release|Any CPU
		{6248394C-17C6-4C36-9625-5630C2078067}.Debug|Any CPU.ActiveCfg = Debug|Any CPU
		{6248394C-17C6-4C36-9625-5630C2078067}.Debug|Any CPU.Build.0 = Debug|Any CPU
		{6248394C-17C6-4C36-9625-5630C2078067}.Release|Any CPU.ActiveCfg = Release|Any CPU
		{6248394C-17C6-4C36-9625-5630C2078067}.Release|Any CPU.Build.0 = Release|Any CPU
		{4105ADD9-6F08-4942-9644-DE61A9E75D76}.Debug|Any CPU.ActiveCfg = Debug|Any CPU
		{4105ADD9-6F08-4942-9644-DE61A9E75D76}.Debug|Any CPU.Build.0 = Debug|Any CPU
		{4105ADD9-6F08-4942-9644-DE61A9E75D76}.Release|Any CPU.ActiveCfg = Release|Any CPU
		{4105ADD9-6F08-4942-9644-DE61A9E75D76}.Release|Any CPU.Build.0 = Release|Any CPU
	EndGlobalSection
	GlobalSection(SolutionProperties) = preSolution
		HideSolutionNode = FALSE
	EndGlobalSection
	GlobalSection(ExtensibilityGlobals) = postSolution
		SolutionGuid = {4DC3FD9B-A2DD-4EC1-96B1-7B8D2D9690CF}
	EndGlobalSection
EndGlobal
