
Microsoft Visual Studio Solution File, Format Version 12.00
# Visual Studio Version 16
VisualStudioVersion = 16.0.30523.141
MinimumVisualStudioVersion = 10.0.40219.1
Project("{9A19103F-16F7-4668-BE54-9A1E7A4F7556}") = "softriding", "Raiding\softriding.csproj", "{C82BAED0-4660-4B49-8A27-E1699197745F}"
EndProject
Global
	GlobalSection(SolutionConfigurationPlatforms) = preSolution
		Debug|Any CPU = Debug|Any CPU
		Release|Any CPU = Release|Any CPU
	EndGlobalSection
	GlobalSection(ProjectConfigurationPlatforms) = postSolution
		{C82BAED0-4660-4B49-8A27-E1699197745F}.Debug|Any CPU.ActiveCfg = Debug|Any CPU
		{C82BAED0-4660-4B49-8A27-E1699197745F}.Debug|Any CPU.Build.0 = Debug|Any CPU
		{C82BAED0-4660-4B49-8A27-E1699197745F}.Release|Any CPU.ActiveCfg = Release|Any CPU
		{C82BAED0-4660-4B49-8A27-E1699197745F}.Release|Any CPU.Build.0 = Release|Any CPU
	EndGlobalSection
	GlobalSection(SolutionProperties) = preSolution
		HideSolutionNode = FALSE
	EndGlobalSection
	GlobalSection(ExtensibilityGlobals) = postSolution
		SolutionGuid = {47E6D15D-0056-4B84-AEF7-08C54693267E}
	EndGlobalSection
EndGlobal
