
Microsoft Visual Studio Solution File, Format Version 12.00
# Visual Studio Version 16
VisualStudioVersion = 16.0.30523.141
MinimumVisualStudioVersion = 10.0.40219.1
Project("{9A19103F-16F7-4668-BE54-9A1E7A4F7556}") = "ProductShop", "ProductShop.csproj", "{A997E5F7-B33E-4431-BC92-7312C7F4BDAA}"
EndProject
Global
	GlobalSection(SolutionConfigurationPlatforms) = preSolution
		Debug|Any CPU = Debug|Any CPU
		Release|Any CPU = Release|Any CPU
	EndGlobalSection
	GlobalSection(ProjectConfigurationPlatforms) = postSolution
		{A997E5F7-B33E-4431-BC92-7312C7F4BDAA}.Debug|Any CPU.ActiveCfg = Debug|Any CPU
		{A997E5F7-B33E-4431-BC92-7312C7F4BDAA}.Debug|Any CPU.Build.0 = Debug|Any CPU
		{A997E5F7-B33E-4431-BC92-7312C7F4BDAA}.Release|Any CPU.ActiveCfg = Release|Any CPU
		{A997E5F7-B33E-4431-BC92-7312C7F4BDAA}.Release|Any CPU.Build.0 = Release|Any CPU
	EndGlobalSection
	GlobalSection(SolutionProperties) = preSolution
		HideSolutionNode = FALSE
	EndGlobalSection
	GlobalSection(ExtensibilityGlobals) = postSolution
		SolutionGuid = {51172131-C782-4B61-84CD-B71ECDFA2793}
	EndGlobalSection
EndGlobal
