
Microsoft Visual Studio Solution File, Format Version 12.00
# Visual Studio Version 16
VisualStudioVersion = 16.0.30523.141
MinimumVisualStudioVersion = 10.0.40219.1
Project("{FAE04EC0-301F-11D3-BF4B-00C04F79EFBC}") = "NeedForSpeed", "NeedforSpeed\NeedForSpeed.csproj", "{195BEAA9-3302-481F-B8A5-EC800CD0C5CE}"
EndProject
Global
	GlobalSection(SolutionConfigurationPlatforms) = preSolution
		Debug|Any CPU = Debug|Any CPU
		Release|Any CPU = Release|Any CPU
	EndGlobalSection
	GlobalSection(ProjectConfigurationPlatforms) = postSolution
		{195BEAA9-3302-481F-B8A5-EC800CD0C5CE}.Debug|Any CPU.ActiveCfg = Debug|Any CPU
		{195BEAA9-3302-481F-B8A5-EC800CD0C5CE}.Debug|Any CPU.Build.0 = Debug|Any CPU
		{195BEAA9-3302-481F-B8A5-EC800CD0C5CE}.Release|Any CPU.ActiveCfg = Release|Any CPU
		{195BEAA9-3302-481F-B8A5-EC800CD0C5CE}.Release|Any CPU.Build.0 = Release|Any CPU
	EndGlobalSection
	GlobalSection(SolutionProperties) = preSolution
		HideSolutionNode = FALSE
	EndGlobalSection
	GlobalSection(ExtensibilityGlobals) = postSolution
		SolutionGuid = {B7F5ED36-EEAD-43ED-9CF0-8F0888A7C484}
	EndGlobalSection
EndGlobal
